
Microsoft Visual Studio Solution File, Format Version 12.00
# Visual Studio Version 17
VisualStudioVersion = 17.9.34723.18
MinimumVisualStudioVersion = 10.0.40219.1
Project("{FAE04EC0-301F-11D3-BF4B-00C04F79EFBC}") = "Evendjes.Server", "Evendjes.Server\Evendjes.Server.csproj", "{D22FECAB-3785-4050-9A34-7837B24979C5}"
EndProject
Project("{54A90642-561A-4BB1-A94E-469ADEE60C69}") = "Evendjes.Client", "Evendjes.Client\Evendjes.Client.esproj", "{8E314668-EC76-42E0-9221-1ACC09E03ACE}"
EndProject
Project("{FAE04EC0-301F-11D3-BF4B-00C04F79EFBC}") = "Evendjes.DataModel", "Evendjes.DataModel\Evendjes.DataModel.csproj", "{D04BD27A-8CA1-4716-8DB5-C003B7103092}"
EndProject
Project("{FAE04EC0-301F-11D3-BF4B-00C04F79EFBC}") = "Evendjes.Server.Test", "Evendjes.Server.Test\Evendjes.Server.Test.csproj", "{7652DA8F-8AFE-4BF1-BC95-D83BC6E480BD}"
EndProject
Global
	GlobalSection(SolutionConfigurationPlatforms) = preSolution
		Debug|Any CPU = Debug|Any CPU
		Release|Any CPU = Release|Any CPU
	EndGlobalSection
	GlobalSection(ProjectConfigurationPlatforms) = postSolution
		{D22FECAB-3785-4050-9A34-7837B24979C5}.Debug|Any CPU.ActiveCfg = Debug|Any CPU
		{D22FECAB-3785-4050-9A34-7837B24979C5}.Debug|Any CPU.Build.0 = Debug|Any CPU
		{D22FECAB-3785-4050-9A34-7837B24979C5}.Release|Any CPU.ActiveCfg = Release|Any CPU
		{D22FECAB-3785-4050-9A34-7837B24979C5}.Release|Any CPU.Build.0 = Release|Any CPU
		{8E314668-EC76-42E0-9221-1ACC09E03ACE}.Debug|Any CPU.ActiveCfg = Debug|Any CPU
		{8E314668-EC76-42E0-9221-1ACC09E03ACE}.Debug|Any CPU.Build.0 = Debug|Any CPU
		{8E314668-EC76-42E0-9221-1ACC09E03ACE}.Debug|Any CPU.Deploy.0 = Debug|Any CPU
		{8E314668-EC76-42E0-9221-1ACC09E03ACE}.Release|Any CPU.ActiveCfg = Release|Any CPU
		{8E314668-EC76-42E0-9221-1ACC09E03ACE}.Release|Any CPU.Build.0 = Release|Any CPU
		{8E314668-EC76-42E0-9221-1ACC09E03ACE}.Release|Any CPU.Deploy.0 = Release|Any CPU
		{D04BD27A-8CA1-4716-8DB5-C003B7103092}.Debug|Any CPU.ActiveCfg = Debug|Any CPU
		{D04BD27A-8CA1-4716-8DB5-C003B7103092}.Debug|Any CPU.Build.0 = Debug|Any CPU
		{D04BD27A-8CA1-4716-8DB5-C003B7103092}.Release|Any CPU.ActiveCfg = Release|Any CPU
		{D04BD27A-8CA1-4716-8DB5-C003B7103092}.Release|Any CPU.Build.0 = Release|Any CPU
		{7652DA8F-8AFE-4BF1-BC95-D83BC6E480BD}.Debug|Any CPU.ActiveCfg = Debug|Any CPU
		{7652DA8F-8AFE-4BF1-BC95-D83BC6E480BD}.Debug|Any CPU.Build.0 = Debug|Any CPU
		{7652DA8F-8AFE-4BF1-BC95-D83BC6E480BD}.Release|Any CPU.ActiveCfg = Release|Any CPU
		{7652DA8F-8AFE-4BF1-BC95-D83BC6E480BD}.Release|Any CPU.Build.0 = Release|Any CPU
	EndGlobalSection
	GlobalSection(SolutionProperties) = preSolution
		HideSolutionNode = FALSE
	EndGlobalSection
	GlobalSection(ExtensibilityGlobals) = postSolution
		SolutionGuid = {4F4DBE8B-6950-4E2D-A170-26E2E8E946BC}
	EndGlobalSection
EndGlobal
